Microsoft Visual Studio Solution File, Format Version 12.00
# Visual Studio 2012
Project("{FAE04EC0-301F-11D3-BF4B-00C04F79EFBC}") = "ProjectX", "ProjectX.csproj", "{FEC40992-AD09-4112-A264-87FD2D35752D}"
EndProject
Global
	GlobalSection(SolutionConfigurationPlatforms) = preSolution
	Debug|Any CPU = Debug|Any CPU
	ExportDebug|Any CPU = ExportDebug|Any CPU
	ExportRelease|Any CPU = ExportRelease|Any CPU
	EndGlobalSection
	GlobalSection(ProjectConfigurationPlatforms) = postSolution
		{FEC40992-AD09-4112-A264-87FD2D35752D}.Debug|Any CPU.ActiveCfg = Debug|Any CPU
		{FEC40992-AD09-4112-A264-87FD2D35752D}.Debug|Any CPU.Build.0 = Debug|Any CPU
		{FEC40992-AD09-4112-A264-87FD2D35752D}.ExportDebug|Any CPU.ActiveCfg = ExportDebug|Any CPU
		{FEC40992-AD09-4112-A264-87FD2D35752D}.ExportDebug|Any CPU.Build.0 = ExportDebug|Any CPU
		{FEC40992-AD09-4112-A264-87FD2D35752D}.ExportRelease|Any CPU.ActiveCfg = ExportRelease|Any CPU
		{FEC40992-AD09-4112-A264-87FD2D35752D}.ExportRelease|Any CPU.Build.0 = ExportRelease|Any CPU
	EndGlobalSection
EndGlobal
